
Microsoft Visual Studio Solution File, Format Version 12.00
# Visual Studio 14
VisualStudioVersion = 14.0.25123.0
MinimumVisualStudioVersion = 10.0.40219.1
Project("{A1D44AEE-27F5-41C0-904F-E2887E068FB6}") = "Sitecore.Support.298211", "Sitecore.Support.298211\Sitecore.Support.298211.csproj", "{4C1DE77E-3BDD-4CD7-9C84-A1C591FD1652}"
EndProject
Global
	GlobalSection(SolutionConfigurationPlatforms) = preSolution
		Debug|Any CPU = Debug|Any CPU
		Release|Any CPU = Release|Any CPU
	EndGlobalSection
	GlobalSection(ProjectConfigurationPlatforms) = postSolution
		{4C1DE77E-3BDD-4CD7-9C84-A1C591FD1652}.Debug|Any CPU.ActiveCfg = Debug|Any CPU
		{4C1DE77E-3BDD-4CD7-9C84-A1C591FD1652}.Debug|Any CPU.Build.0 = Debug|Any CPU
		{4C1DE77E-3BDD-4CD7-9C84-A1C591FD1652}.Release|Any CPU.ActiveCfg = Release|Any CPU
		{4C1DE77E-3BDD-4CD7-9C84-A1C591FD1652}.Release|Any CPU.Build.0 = Release|Any CPU
	EndGlobalSection
	GlobalSection(SolutionProperties) = preSolution
		HideSolutionNode = FALSE
	EndGlobalSection
EndGlobal
